{
    "name": "@suprawall/vercel-ai",
    "version": "0.1.0",
    "lockfileVersion": 3,
    "requires": true,
    "packages": {
        "": {
            "name": "@suprawall/vercel-ai",
            "version": "0.1.0",
            "license": "MIT",
            "devDependencies": {
                "@ai-sdk/provider": "^3.0.8",
                "@types/node": "^20.19.37",
                "typescript": "^5.0.0"
            },
            "peerDependencies": {
                "ai": ">=3.0.0"
            }
        },
        "node_modules/@ai-sdk/gateway": {
            "version": "3.0.77",
            "resolved": "https://registry.npmjs.org/@ai-sdk/gateway/-/gateway-3.0.77.tgz",
            "integrity": "sha512-UdwIG2H2YMuntJQ5L+EmED5XiwnlvDT3HOmKfVFxR4Nq/RSLFA/HcchhwfNXHZ5UJjyuL2VO0huLbWSZ9ijemQ==",
            "license": "Apache-2.0",
            "peer": true,
            "dependencies": {
                "@ai-sdk/provider": "3.0.8",
                "@ai-sdk/provider-utils": "4.0.21",
                "@vercel/oidc": "3.1.0"
            },
            "engines": {
                "node": ">=18"
            },
            "peerDependencies": {
                "zod": "^3.25.76 || ^4.1.8"
            }
        },
        "node_modules/@ai-sdk/provider": {
            "version": "3.0.8",
            "resolved": "https://registry.npmjs.org/@ai-sdk/provider/-/provider-3.0.8.tgz",
            "integrity": "sha512-oGMAgGoQdBXbZqNG0Ze56CHjDZ1IDYOwGYxYjO5KLSlz5HiNQ9udIXsPZ61VWaHGZ5XW/jyjmr6t2xz2jGVwbQ==",
            "license": "Apache-2.0",
            "dependencies": {
                "json-schema": "^0.4.0"
            },
            "engines": {
                "node": ">=18"
            }
        },
        "node_modules/@ai-sdk/provider-utils": {
            "version": "4.0.21",
            "resolved": "https://registry.npmjs.org/@ai-sdk/provider-utils/-/provider-utils-4.0.21.tgz",
            "integrity": "sha512-MtFUYI1/8mgDvRmaBDjbLJPFFrMG777AvSgyIFQtZHIMzm88R/12vYBBpnk7pfiWLFE1DSZzY4WDYzGbKAcmiw==",
            "license": "Apache-2.0",
            "peer": true,
            "dependencies": {
                "@ai-sdk/provider": "3.0.8",
                "@standard-schema/spec": "^1.1.0",
                "eventsource-parser": "^3.0.6"
            },
            "engines": {
                "node": ">=18"
            },
            "peerDependencies": {
                "zod": "^3.25.76 || ^4.1.8"
            }
        },
        "node_modules/@opentelemetry/api": {
            "version": "1.9.0",
            "resolved": "https://registry.npmjs.org/@opentelemetry/api/-/api-1.9.0.tgz",
            "integrity": "sha512-3giAOQvZiH5F9bMlMiv8+GSPMeqg0dbaeo58/0SlA9sxSqZhnUtxzX9/2FzyhS9sWQf5S0GJE0AKBrFqjpeYcg==",
            "license": "Apache-2.0",
            "peer": true,
            "engines": {
                "node": ">=8.0.0"
            }
        },
        "node_modules/@standard-schema/spec": {
            "version": "1.1.0",
            "resolved": "https://registry.npmjs.org/@standard-schema/spec/-/spec-1.1.0.tgz",
            "integrity": "sha512-l2aFy5jALhniG5HgqrD6jXLi/rUWrKvqN/qJx6yoJsgKhblVd+iqqU4RCXavm/jPityDo5TCvKMnpjKnOriy0w==",
            "license": "MIT",
            "peer": true
        },
        "node_modules/@types/node": {
            "version": "20.19.37",
            "resolved": "https://registry.npmjs.org/@types/node/-/node-20.19.37.tgz",
            "integrity": "sha512-8kzdPJ3FsNsVIurqBs7oodNnCEVbni9yUEkaHbgptDACOPW04jimGagZ51E6+lXUwJjgnBw+hyko/lkFWCldqw==",
            "dev": true,
            "license": "MIT",
            "dependencies": {
                "undici-types": "~6.21.0"
            }
        },
        "node_modules/@vercel/oidc": {
            "version": "3.1.0",
            "resolved": "https://registry.npmjs.org/@vercel/oidc/-/oidc-3.1.0.tgz",
            "integrity": "sha512-Fw28YZpRnA3cAHHDlkt7xQHiJ0fcL+NRcIqsocZQUSmbzeIKRpwttJjik5ZGanXP+vlA4SbTg+AbA3bP363l+w==",
            "license": "Apache-2.0",
            "peer": true,
            "engines": {
                "node": ">= 20"
            }
        },
        "node_modules/ai": {
            "version": "6.0.133",
            "resolved": "https://registry.npmjs.org/ai/-/ai-6.0.133.tgz",
            "integrity": "sha512-8YBTQdRtIpa7gLKWLvUHLnKxI5lEyV1z9o20+8uDjMs4EOGuv62fQivHD/Yi7SBidzEhAORjCBcQrQ5Lu2V0Vw==",
            "license": "Apache-2.0",
            "peer": true,
            "dependencies": {
                "@ai-sdk/gateway": "3.0.77",
                "@ai-sdk/provider": "3.0.8",
                "@ai-sdk/provider-utils": "4.0.21",
                "@opentelemetry/api": "1.9.0"
            },
            "engines": {
                "node": ">=18"
            },
            "peerDependencies": {
                "zod": "^3.25.76 || ^4.1.8"
            }
        },
        "node_modules/eventsource-parser": {
            "version": "3.0.6",
            "resolved": "https://registry.npmjs.org/eventsource-parser/-/eventsource-parser-3.0.6.tgz",
            "integrity": "sha512-Vo1ab+QXPzZ4tCa8SwIHJFaSzy4R6SHf7BY79rFBDf0idraZWAkYrDjDj8uWaSm3S2TK+hJ7/t1CEmZ7jXw+pg==",
            "license": "MIT",
            "peer": true,
            "engines": {
                "node": ">=18.0.0"
            }
        },
        "node_modules/json-schema": {
            "version": "0.4.0",
            "resolved": "https://registry.npmjs.org/json-schema/-/json-schema-0.4.0.tgz",
            "integrity": "sha512-es94M3nTIfsEPisRafak+HDLfHXnKBhV3vU5eqPcS3flIWqcxJWgXHXiey3YrpaNsanY5ei1VoYEbOzijuq9BA==",
            "license": "(AFL-2.1 OR BSD-3-Clause)"
        },
        "node_modules/typescript": {
            "version": "5.9.3",
            "resolved": "https://registry.npmjs.org/typescript/-/typescript-5.9.3.tgz",
            "integrity": "sha512-jl1vZzPDinLr9eUt3J/t7V6FgNEw9QjvBPdysz9KfQDD41fQrC2Y4vKQdiaUpFT4bXlb1RHhLpp8wtm6M5TgSw==",
            "dev": true,
            "license": "Apache-2.0",
            "bin": {
                "tsc": "bin/tsc",
                "tsserver": "bin/tsserver"
            },
            "engines": {
                "node": ">=14.17"
            }
        },
        "node_modules/undici-types": {
            "version": "6.21.0",
            "resolved": "https://registry.npmjs.org/undici-types/-/undici-types-6.21.0.tgz",
            "integrity": "sha512-iwDZqg0QAGrg9Rav5H4n0M64c3mkR59cJ6wQp+7C4nI0gsmExaedaYLNO44eT4AtBBwjbTiGPMlt2Md0T9H9JQ==",
            "dev": true,
            "license": "MIT"
        },
        "node_modules/zod": {
            "version": "4.3.6",
            "resolved": "https://registry.npmjs.org/zod/-/zod-4.3.6.tgz",
            "integrity": "sha512-rftlrkhHZOcjDwkGlnUtZZkvaPHCsDATp4pGpuOOMDaTdDDXF91wuVDJoWoPsKX/3YPQ5fHuF3STjcYyKr+Qhg==",
            "license": "MIT",
            "peer": true,
            "funding": {
                "url": "https://github.com/sponsors/colinhacks"
            }
        }
    }
}
